
Microsoft Visual Studio Solution File, Format Version 12.00
# Visual Studio Version 17
VisualStudioVersion = 17.6.33801.468
MinimumVisualStudioVersion = 10.0.40219.1
Project("{FAE04EC0-301F-11D3-BF4B-00C04F79EFBC}") = "AlgoritmTest", "AlgoritmTest\AlgoritmTest.csproj", "{C8D30F21-B58B-4FCB-9D67-35D517340D3F}"
EndProject
Global
	GlobalSection(SolutionConfigurationPlatforms) = preSolution
		Debug|Any CPU = Debug|Any CPU
		Release|Any CPU = Release|Any CPU
	EndGlobalSection
	GlobalSection(ProjectConfigurationPlatforms) = postSolution
		{C8D30F21-B58B-4FCB-9D67-35D517340D3F}.Debug|Any CPU.ActiveCfg = Debug|Any CPU
		{C8D30F21-B58B-4FCB-9D67-35D517340D3F}.Debug|Any CPU.Build.0 = Debug|Any CPU
		{C8D30F21-B58B-4FCB-9D67-35D517340D3F}.Release|Any CPU.ActiveCfg = Release|Any CPU
		{C8D30F21-B58B-4FCB-9D67-35D517340D3F}.Release|Any CPU.Build.0 = Release|Any CPU
	EndGlobalSection
	GlobalSection(SolutionProperties) = preSolution
		HideSolutionNode = FALSE
	EndGlobalSection
	GlobalSection(ExtensibilityGlobals) = postSolution
		SolutionGuid = {11786183-D081-4938-908D-B4472ACF7ACB}
	EndGlobalSection
EndGlobal
